
Microsoft Visual Studio Solution File, Format Version 12.00
# Visual Studio 14
VisualStudioVersion = 14.0.25420.1
MinimumVisualStudioVersion = 10.0.40219.1
Project("{FAE04EC0-301F-11D3-BF4B-00C04F79EFBC}") = "WebDemo", "WebDemo\WebDemo.csproj", "{10DC3CFD-A89B-4FB3-8BC2-9AB41F9F3191}"
EndProject
Project("{FAE04EC0-301F-11D3-BF4B-00C04F79EFBC}") = "ContactSite", "ContactSite\ContactSite.csproj", "{111B8AEA-C84D-4978-88B0-6830B915E737}"
EndProject
Project("{FAE04EC0-301F-11D3-BF4B-00C04F79EFBC}") = "MVCLearningLib", "MVCLearningLib\MVCLearningLib.csproj", "{A3CE3497-F923-4ADD-B4B2-2D2C049FEB50}"
EndProject
Global
	GlobalSection(SolutionConfigurationPlatforms) = preSolution
		Debug|Any CPU = Debug|Any CPU
		Release|Any CPU = Release|Any CPU
	EndGlobalSection
	GlobalSection(ProjectConfigurationPlatforms) = postSolution
		{10DC3CFD-A89B-4FB3-8BC2-9AB41F9F3191}.Debug|Any CPU.ActiveCfg = Debug|Any CPU
		{10DC3CFD-A89B-4FB3-8BC2-9AB41F9F3191}.Debug|Any CPU.Build.0 = Debug|Any CPU
		{10DC3CFD-A89B-4FB3-8BC2-9AB41F9F3191}.Release|Any CPU.ActiveCfg = Release|Any CPU
		{10DC3CFD-A89B-4FB3-8BC2-9AB41F9F3191}.Release|Any CPU.Build.0 = Release|Any CPU
		{111B8AEA-C84D-4978-88B0-6830B915E737}.Debug|Any CPU.ActiveCfg = Debug|Any CPU
		{111B8AEA-C84D-4978-88B0-6830B915E737}.Debug|Any CPU.Build.0 = Debug|Any CPU
		{111B8AEA-C84D-4978-88B0-6830B915E737}.Release|Any CPU.ActiveCfg = Release|Any CPU
		{111B8AEA-C84D-4978-88B0-6830B915E737}.Release|Any CPU.Build.0 = Release|Any CPU
		{A3CE3497-F923-4ADD-B4B2-2D2C049FEB50}.Debug|Any CPU.ActiveCfg = Debug|Any CPU
		{A3CE3497-F923-4ADD-B4B2-2D2C049FEB50}.Debug|Any CPU.Build.0 = Debug|Any CPU
		{A3CE3497-F923-4ADD-B4B2-2D2C049FEB50}.Release|Any CPU.ActiveCfg = Release|Any CPU
		{A3CE3497-F923-4ADD-B4B2-2D2C049FEB50}.Release|Any CPU.Build.0 = Release|Any CPU
	EndGlobalSection
	GlobalSection(SolutionProperties) = preSolution
		HideSolutionNode = FALSE
	EndGlobalSection
EndGlobal
